
Microsoft Visual Studio Solution File, Format Version 12.00
# Visual Studio 15
VisualStudioVersion = 15.0.27130.2010
MinimumVisualStudioVersion = 10.0.40219.1
Project("{9A19103F-16F7-4668-BE54-9A1E7A4F7556}") = "ProudNetSrc", "src\ProudNetSrc\ProudNetSrc.csproj", "{7ED60C00-2BD9-4426-A9A5-295547B8C970}"
EndProject
Project("{9A19103F-16F7-4668-BE54-9A1E7A4F7556}") = "NeoNetsphere", "src\NeoNetsphere\NeoNetsphere.csproj", "{4004052C-E8E4-4B71-BC9C-EE8589304AB7}"
EndProject
Project("{9A19103F-16F7-4668-BE54-9A1E7A4F7556}") = "NeoNetsphere.Network", "src\NeoNetsphere.Network\NeoNetsphere.Network.csproj", "{52F498F4-C72A-47D3-B7D8-7BA6D893FF2B}"
EndProject
Project("{9A19103F-16F7-4668-BE54-9A1E7A4F7556}") = "NeoNetsphere.Database", "src\NeoNetsphere.Database\NeoNetsphere.Database.csproj", "{F366589C-6B32-43B1-B8A1-45B4A8CABB28}"
EndProject
Project("{9A19103F-16F7-4668-BE54-9A1E7A4F7556}") = "AuthServer", "src\AuthServer\AuthServer.csproj", "{782EB49B-B4BB-4162-9FAF-BA2D39C22515}"
EndProject
Project("{9A19103F-16F7-4668-BE54-9A1E7A4F7556}") = "GameServer", "src\GameServer\GameServer.csproj", "{513F3C5C-8596-4B4E-BC8B-965F3175CAD2}"
EndProject
Project("{9A19103F-16F7-4668-BE54-9A1E7A4F7556}") = "NeoNetsphere.Resource", "src\NeoNetsphere.Resource\NeoNetsphere.Resource.csproj", "{662E4FB4-5053-49B4-970C-369296C27E7D}"
EndProject
Project("{9A19103F-16F7-4668-BE54-9A1E7A4F7556}") = "AuthServer.ServiceModel", "src\AuthServer.ServiceModel\AuthServer.ServiceModel.csproj", "{11AB9599-6A32-4411-9E14-1A04B47E9BCD}"
EndProject
Global
	GlobalSection(SolutionConfigurationPlatforms) = preSolution
		Latest_Debug|Any CPU = Latest_Debug|Any CPU
		Latest_Debug|x86 = Latest_Debug|x86
		Latest_Release|Any CPU = Latest_Release|Any CPU
		Latest_Release|x86 = Latest_Release|x86
		NewIDs_Debug|Any CPU = NewIDs_Debug|Any CPU
		NewIDs_Debug|x86 = NewIDs_Debug|x86
		NewIDs_Release|Any CPU = NewIDs_Release|Any CPU
		NewIDs_Release|x86 = NewIDs_Release|x86
		OldIDs_Debug|Any CPU = OldIDs_Debug|Any CPU
		OldIDs_Debug|x86 = OldIDs_Debug|x86
		OldIDs_Release|Any CPU = OldIDs_Release|Any CPU
		OldIDs_Release|x86 = OldIDs_Release|x86
	EndGlobalSection
	GlobalSection(ProjectConfigurationPlatforms) = postSolution
		{7ED60C00-2BD9-4426-A9A5-295547B8C970}.Latest_Debug|Any CPU.ActiveCfg = Latest_Debug|Any CPU
		{7ED60C00-2BD9-4426-A9A5-295547B8C970}.Latest_Debug|Any CPU.Build.0 = Latest_Debug|Any CPU
		{7ED60C00-2BD9-4426-A9A5-295547B8C970}.Latest_Debug|x86.ActiveCfg = Latest_Debug|Any CPU
		{7ED60C00-2BD9-4426-A9A5-295547B8C970}.Latest_Debug|x86.Build.0 = Latest_Debug|Any CPU
		{7ED60C00-2BD9-4426-A9A5-295547B8C970}.Latest_Release|Any CPU.ActiveCfg = Latest_Release|Any CPU
		{7ED60C00-2BD9-4426-A9A5-295547B8C970}.Latest_Release|Any CPU.Build.0 = Latest_Release|Any CPU
		{7ED60C00-2BD9-4426-A9A5-295547B8C970}.Latest_Release|x86.ActiveCfg = Latest_Release|Any CPU
		{7ED60C00-2BD9-4426-A9A5-295547B8C970}.Latest_Release|x86.Build.0 = Latest_Release|Any CPU
		{7ED60C00-2BD9-4426-A9A5-295547B8C970}.NewIDs_Debug|Any CPU.ActiveCfg = NewIDs_Debug|Any CPU
		{7ED60C00-2BD9-4426-A9A5-295547B8C970}.NewIDs_Debug|Any CPU.Build.0 = NewIDs_Debug|Any CPU
		{7ED60C00-2BD9-4426-A9A5-295547B8C970}.NewIDs_Debug|x86.ActiveCfg = NewIDs_Debug|Any CPU
		{7ED60C00-2BD9-4426-A9A5-295547B8C970}.NewIDs_Debug|x86.Build.0 = NewIDs_Debug|Any CPU
		{7ED60C00-2BD9-4426-A9A5-295547B8C970}.NewIDs_Release|Any CPU.ActiveCfg = NewIDs_Release|Any CPU
		{7ED60C00-2BD9-4426-A9A5-295547B8C970}.NewIDs_Release|Any CPU.Build.0 = NewIDs_Release|Any CPU
		{7ED60C00-2BD9-4426-A9A5-295547B8C970}.NewIDs_Release|x86.ActiveCfg = NewIDs_Release|Any CPU
		{7ED60C00-2BD9-4426-A9A5-295547B8C970}.NewIDs_Release|x86.Build.0 = NewIDs_Release|Any CPU
		{7ED60C00-2BD9-4426-A9A5-295547B8C970}.OldIDs_Debug|Any CPU.ActiveCfg = OldIDs_Debug|Any CPU
		{7ED60C00-2BD9-4426-A9A5-295547B8C970}.OldIDs_Debug|Any CPU.Build.0 = OldIDs_Debug|Any CPU
		{7ED60C00-2BD9-4426-A9A5-295547B8C970}.OldIDs_Debug|x86.ActiveCfg = OldIDs_Debug|Any CPU
		{7ED60C00-2BD9-4426-A9A5-295547B8C970}.OldIDs_Debug|x86.Build.0 = OldIDs_Debug|Any CPU
		{7ED60C00-2BD9-4426-A9A5-295547B8C970}.OldIDs_Release|Any CPU.ActiveCfg = OldIDs_Release|Any CPU
		{7ED60C00-2BD9-4426-A9A5-295547B8C970}.OldIDs_Release|Any CPU.Build.0 = OldIDs_Release|Any CPU
		{7ED60C00-2BD9-4426-A9A5-295547B8C970}.OldIDs_Release|x86.ActiveCfg = OldIDs_Release|Any CPU
		{7ED60C00-2BD9-4426-A9A5-295547B8C970}.OldIDs_Release|x86.Build.0 = OldIDs_Release|Any CPU
		{4004052C-E8E4-4B71-BC9C-EE8589304AB7}.Latest_Debug|Any CPU.ActiveCfg = Latest_Debug|Any CPU
		{4004052C-E8E4-4B71-BC9C-EE8589304AB7}.Latest_Debug|Any CPU.Build.0 = Latest_Debug|Any CPU
		{4004052C-E8E4-4B71-BC9C-EE8589304AB7}.Latest_Debug|x86.ActiveCfg = Latest_Debug|Any CPU
		{4004052C-E8E4-4B71-BC9C-EE8589304AB7}.Latest_Debug|x86.Build.0 = Latest_Debug|Any CPU
		{4004052C-E8E4-4B71-BC9C-EE8589304AB7}.Latest_Release|Any CPU.ActiveCfg = Latest_Release|Any CPU
		{4004052C-E8E4-4B71-BC9C-EE8589304AB7}.Latest_Release|Any CPU.Build.0 = Latest_Release|Any CPU
		{4004052C-E8E4-4B71-BC9C-EE8589304AB7}.Latest_Release|x86.ActiveCfg = Latest_Release|Any CPU
		{4004052C-E8E4-4B71-BC9C-EE8589304AB7}.Latest_Release|x86.Build.0 = Latest_Release|Any CPU
		{4004052C-E8E4-4B71-BC9C-EE8589304AB7}.NewIDs_Debug|Any CPU.ActiveCfg = NewIDs_Debug|Any CPU
		{4004052C-E8E4-4B71-BC9C-EE8589304AB7}.NewIDs_Debug|Any CPU.Build.0 = NewIDs_Debug|Any CPU
		{4004052C-E8E4-4B71-BC9C-EE8589304AB7}.NewIDs_Debug|x86.ActiveCfg = NewIDs_Debug|Any CPU
		{4004052C-E8E4-4B71-BC9C-EE8589304AB7}.NewIDs_Debug|x86.Build.0 = NewIDs_Debug|Any CPU
		{4004052C-E8E4-4B71-BC9C-EE8589304AB7}.NewIDs_Release|Any CPU.ActiveCfg = NewIDs_Release|Any CPU
		{4004052C-E8E4-4B71-BC9C-EE8589304AB7}.NewIDs_Release|Any CPU.Build.0 = NewIDs_Release|Any CPU
		{4004052C-E8E4-4B71-BC9C-EE8589304AB7}.NewIDs_Release|x86.ActiveCfg = NewIDs_Release|Any CPU
		{4004052C-E8E4-4B71-BC9C-EE8589304AB7}.NewIDs_Release|x86.Build.0 = NewIDs_Release|Any CPU
		{4004052C-E8E4-4B71-BC9C-EE8589304AB7}.OldIDs_Debug|Any CPU.ActiveCfg = OldIDs_Debug|Any CPU
		{4004052C-E8E4-4B71-BC9C-EE8589304AB7}.OldIDs_Debug|Any CPU.Build.0 = OldIDs_Debug|Any CPU
		{4004052C-E8E4-4B71-BC9C-EE8589304AB7}.OldIDs_Debug|x86.ActiveCfg = OldIDs_Debug|Any CPU
		{4004052C-E8E4-4B71-BC9C-EE8589304AB7}.OldIDs_Debug|x86.Build.0 = OldIDs_Debug|Any CPU
		{4004052C-E8E4-4B71-BC9C-EE8589304AB7}.OldIDs_Release|Any CPU.ActiveCfg = OldIDs_Release|Any CPU
		{4004052C-E8E4-4B71-BC9C-EE8589304AB7}.OldIDs_Release|Any CPU.Build.0 = OldIDs_Release|Any CPU
		{4004052C-E8E4-4B71-BC9C-EE8589304AB7}.OldIDs_Release|x86.ActiveCfg = OldIDs_Release|Any CPU
		{4004052C-E8E4-4B71-BC9C-EE8589304AB7}.OldIDs_Release|x86.Build.0 = OldIDs_Release|Any CPU
		{52F498F4-C72A-47D3-B7D8-7BA6D893FF2B}.Latest_Debug|Any CPU.ActiveCfg = Latest_Debug|Any CPU
		{52F498F4-C72A-47D3-B7D8-7BA6D893FF2B}.Latest_Debug|Any CPU.Build.0 = Latest_Debug|Any CPU
		{52F498F4-C72A-47D3-B7D8-7BA6D893FF2B}.Latest_Debug|x86.ActiveCfg = Latest_Debug|Any CPU
		{52F498F4-C72A-47D3-B7D8-7BA6D893FF2B}.Latest_Debug|x86.Build.0 = Latest_Debug|Any CPU
		{52F498F4-C72A-47D3-B7D8-7BA6D893FF2B}.Latest_Release|Any CPU.ActiveCfg = Latest_Release|Any CPU
		{52F498F4-C72A-47D3-B7D8-7BA6D893FF2B}.Latest_Release|Any CPU.Build.0 = Latest_Release|Any CPU
		{52F498F4-C72A-47D3-B7D8-7BA6D893FF2B}.Latest_Release|x86.ActiveCfg = Latest_Release|Any CPU
		{52F498F4-C72A-47D3-B7D8-7BA6D893FF2B}.Latest_Release|x86.Build.0 = Latest_Release|Any CPU
		{52F498F4-C72A-47D3-B7D8-7BA6D893FF2B}.NewIDs_Debug|Any CPU.ActiveCfg = NewIDs_Debug|Any CPU
		{52F498F4-C72A-47D3-B7D8-7BA6D893FF2B}.NewIDs_Debug|Any CPU.Build.0 = NewIDs_Debug|Any CPU
		{52F498F4-C72A-47D3-B7D8-7BA6D893FF2B}.NewIDs_Debug|x86.ActiveCfg = NewIDs_Debug|Any CPU
		{52F498F4-C72A-47D3-B7D8-7BA6D893FF2B}.NewIDs_Debug|x86.Build.0 = NewIDs_Debug|Any CPU
		{52F498F4-C72A-47D3-B7D8-7BA6D893FF2B}.NewIDs_Release|Any CPU.ActiveCfg = NewIDs_Release|Any CPU
		{52F498F4-C72A-47D3-B7D8-7BA6D893FF2B}.NewIDs_Release|Any CPU.Build.0 = NewIDs_Release|Any CPU
		{52F498F4-C72A-47D3-B7D8-7BA6D893FF2B}.NewIDs_Release|x86.ActiveCfg = NewIDs_Release|Any CPU
		{52F498F4-C72A-47D3-B7D8-7BA6D893FF2B}.NewIDs_Release|x86.Build.0 = NewIDs_Release|Any CPU
		{52F498F4-C72A-47D3-B7D8-7BA6D893FF2B}.OldIDs_Debug|Any CPU.ActiveCfg = OldIDs_Debug|Any CPU
		{52F498F4-C72A-47D3-B7D8-7BA6D893FF2B}.OldIDs_Debug|Any CPU.Build.0 = OldIDs_Debug|Any CPU
		{52F498F4-C72A-47D3-B7D8-7BA6D893FF2B}.OldIDs_Debug|x86.ActiveCfg = OldIDs_Debug|Any CPU
		{52F498F4-C72A-47D3-B7D8-7BA6D893FF2B}.OldIDs_Debug|x86.Build.0 = OldIDs_Debug|Any CPU
		{52F498F4-C72A-47D3-B7D8-7BA6D893FF2B}.OldIDs_Release|Any CPU.ActiveCfg = OldIDs_Release|Any CPU
		{52F498F4-C72A-47D3-B7D8-7BA6D893FF2B}.OldIDs_Release|Any CPU.Build.0 = OldIDs_Release|Any CPU
		{52F498F4-C72A-47D3-B7D8-7BA6D893FF2B}.OldIDs_Release|x86.ActiveCfg = OldIDs_Release|Any CPU
		{52F498F4-C72A-47D3-B7D8-7BA6D893FF2B}.OldIDs_Release|x86.Build.0 = OldIDs_Release|Any CPU
		{F366589C-6B32-43B1-B8A1-45B4A8CABB28}.Latest_Debug|Any CPU.ActiveCfg = Latest_Debug|Any CPU
		{F366589C-6B32-43B1-B8A1-45B4A8CABB28}.Latest_Debug|Any CPU.Build.0 = Latest_Debug|Any CPU
		{F366589C-6B32-43B1-B8A1-45B4A8CABB28}.Latest_Debug|x86.ActiveCfg = Latest_Debug|Any CPU
		{F366589C-6B32-43B1-B8A1-45B4A8CABB28}.Latest_Debug|x86.Build.0 = Latest_Debug|Any CPU
		{F366589C-6B32-43B1-B8A1-45B4A8CABB28}.Latest_Release|Any CPU.ActiveCfg = Latest_Release|Any CPU
		{F366589C-6B32-43B1-B8A1-45B4A8CABB28}.Latest_Release|Any CPU.Build.0 = Latest_Release|Any CPU
		{F366589C-6B32-43B1-B8A1-45B4A8CABB28}.Latest_Release|x86.ActiveCfg = Latest_Release|Any CPU
		{F366589C-6B32-43B1-B8A1-45B4A8CABB28}.Latest_Release|x86.Build.0 = Latest_Release|Any CPU
		{F366589C-6B32-43B1-B8A1-45B4A8CABB28}.NewIDs_Debug|Any CPU.ActiveCfg = NewIDs_Debug|Any CPU
		{F366589C-6B32-43B1-B8A1-45B4A8CABB28}.NewIDs_Debug|Any CPU.Build.0 = NewIDs_Debug|Any CPU
		{F366589C-6B32-43B1-B8A1-45B4A8CABB28}.NewIDs_Debug|x86.ActiveCfg = NewIDs_Debug|Any CPU
		{F366589C-6B32-43B1-B8A1-45B4A8CABB28}.NewIDs_Debug|x86.Build.0 = NewIDs_Debug|Any CPU
		{F366589C-6B32-43B1-B8A1-45B4A8CABB28}.NewIDs_Release|Any CPU.ActiveCfg = NewIDs_Release|Any CPU
		{F366589C-6B32-43B1-B8A1-45B4A8CABB28}.NewIDs_Release|Any CPU.Build.0 = NewIDs_Release|Any CPU
		{F366589C-6B32-43B1-B8A1-45B4A8CABB28}.NewIDs_Release|x86.ActiveCfg = NewIDs_Release|Any CPU
		{F366589C-6B32-43B1-B8A1-45B4A8CABB28}.NewIDs_Release|x86.Build.0 = NewIDs_Release|Any CPU
		{F366589C-6B32-43B1-B8A1-45B4A8CABB28}.OldIDs_Debug|Any CPU.ActiveCfg = OldIDs_Debug|Any CPU
		{F366589C-6B32-43B1-B8A1-45B4A8CABB28}.OldIDs_Debug|Any CPU.Build.0 = OldIDs_Debug|Any CPU
		{F366589C-6B32-43B1-B8A1-45B4A8CABB28}.OldIDs_Debug|x86.ActiveCfg = OldIDs_Debug|Any CPU
		{F366589C-6B32-43B1-B8A1-45B4A8CABB28}.OldIDs_Debug|x86.Build.0 = OldIDs_Debug|Any CPU
		{F366589C-6B32-43B1-B8A1-45B4A8CABB28}.OldIDs_Release|Any CPU.ActiveCfg = OldIDs_Release|Any CPU
		{F366589C-6B32-43B1-B8A1-45B4A8CABB28}.OldIDs_Release|Any CPU.Build.0 = OldIDs_Release|Any CPU
		{F366589C-6B32-43B1-B8A1-45B4A8CABB28}.OldIDs_Release|x86.ActiveCfg = OldIDs_Release|Any CPU
		{F366589C-6B32-43B1-B8A1-45B4A8CABB28}.OldIDs_Release|x86.Build.0 = OldIDs_Release|Any CPU
		{782EB49B-B4BB-4162-9FAF-BA2D39C22515}.Latest_Debug|Any CPU.ActiveCfg = Latest_Debug|Any CPU
		{782EB49B-B4BB-4162-9FAF-BA2D39C22515}.Latest_Debug|Any CPU.Build.0 = Latest_Debug|Any CPU
		{782EB49B-B4BB-4162-9FAF-BA2D39C22515}.Latest_Debug|x86.ActiveCfg = Latest_Debug|Any CPU
		{782EB49B-B4BB-4162-9FAF-BA2D39C22515}.Latest_Debug|x86.Build.0 = Latest_Debug|Any CPU
		{782EB49B-B4BB-4162-9FAF-BA2D39C22515}.Latest_Release|Any CPU.ActiveCfg = Latest_Release|Any CPU
		{782EB49B-B4BB-4162-9FAF-BA2D39C22515}.Latest_Release|Any CPU.Build.0 = Latest_Release|Any CPU
		{782EB49B-B4BB-4162-9FAF-BA2D39C22515}.Latest_Release|x86.ActiveCfg = Latest_Release|Any CPU
		{782EB49B-B4BB-4162-9FAF-BA2D39C22515}.Latest_Release|x86.Build.0 = Latest_Release|Any CPU
		{782EB49B-B4BB-4162-9FAF-BA2D39C22515}.NewIDs_Debug|Any CPU.ActiveCfg = NewIDs_Debug|Any CPU
		{782EB49B-B4BB-4162-9FAF-BA2D39C22515}.NewIDs_Debug|Any CPU.Build.0 = NewIDs_Debug|Any CPU
		{782EB49B-B4BB-4162-9FAF-BA2D39C22515}.NewIDs_Debug|x86.ActiveCfg = NewIDs_Debug|Any CPU
		{782EB49B-B4BB-4162-9FAF-BA2D39C22515}.NewIDs_Debug|x86.Build.0 = NewIDs_Debug|Any CPU
		{782EB49B-B4BB-4162-9FAF-BA2D39C22515}.NewIDs_Release|Any CPU.ActiveCfg = NewIDs_Release|Any CPU
		{782EB49B-B4BB-4162-9FAF-BA2D39C22515}.NewIDs_Release|Any CPU.Build.0 = NewIDs_Release|Any CPU
		{782EB49B-B4BB-4162-9FAF-BA2D39C22515}.NewIDs_Release|x86.ActiveCfg = NewIDs_Release|Any CPU
		{782EB49B-B4BB-4162-9FAF-BA2D39C22515}.NewIDs_Release|x86.Build.0 = NewIDs_Release|Any CPU
		{782EB49B-B4BB-4162-9FAF-BA2D39C22515}.OldIDs_Debug|Any CPU.ActiveCfg = OldIDs_Debug|Any CPU
		{782EB49B-B4BB-4162-9FAF-BA2D39C22515}.OldIDs_Debug|Any CPU.Build.0 = OldIDs_Debug|Any CPU
		{782EB49B-B4BB-4162-9FAF-BA2D39C22515}.OldIDs_Debug|x86.ActiveCfg = OldIDs_Debug|Any CPU
		{782EB49B-B4BB-4162-9FAF-BA2D39C22515}.OldIDs_Debug|x86.Build.0 = OldIDs_Debug|Any CPU
		{782EB49B-B4BB-4162-9FAF-BA2D39C22515}.OldIDs_Release|Any CPU.ActiveCfg = OldIDs_Release|Any CPU
		{782EB49B-B4BB-4162-9FAF-BA2D39C22515}.OldIDs_Release|Any CPU.Build.0 = OldIDs_Release|Any CPU
		{782EB49B-B4BB-4162-9FAF-BA2D39C22515}.OldIDs_Release|x86.ActiveCfg = OldIDs_Release|Any CPU
		{782EB49B-B4BB-4162-9FAF-BA2D39C22515}.OldIDs_Release|x86.Build.0 = OldIDs_Release|Any CPU
		{513F3C5C-8596-4B4E-BC8B-965F3175CAD2}.Latest_Debug|Any CPU.ActiveCfg = Latest_Debug|Any CPU
		{513F3C5C-8596-4B4E-BC8B-965F3175CAD2}.Latest_Debug|Any CPU.Build.0 = Latest_Debug|Any CPU
		{513F3C5C-8596-4B4E-BC8B-965F3175CAD2}.Latest_Debug|x86.ActiveCfg = Latest_Debug|Any CPU
		{513F3C5C-8596-4B4E-BC8B-965F3175CAD2}.Latest_Debug|x86.Build.0 = Latest_Debug|Any CPU
		{513F3C5C-8596-4B4E-BC8B-965F3175CAD2}.Latest_Release|Any CPU.ActiveCfg = Latest_Release|Any CPU
		{513F3C5C-8596-4B4E-BC8B-965F3175CAD2}.Latest_Release|Any CPU.Build.0 = Latest_Release|Any CPU
		{513F3C5C-8596-4B4E-BC8B-965F3175CAD2}.Latest_Release|x86.ActiveCfg = Latest_Release|Any CPU
		{513F3C5C-8596-4B4E-BC8B-965F3175CAD2}.Latest_Release|x86.Build.0 = Latest_Release|Any CPU
		{513F3C5C-8596-4B4E-BC8B-965F3175CAD2}.NewIDs_Debug|Any CPU.ActiveCfg = NewIDs_Debug|Any CPU
		{513F3C5C-8596-4B4E-BC8B-965F3175CAD2}.NewIDs_Debug|Any CPU.Build.0 = NewIDs_Debug|Any CPU
		{513F3C5C-8596-4B4E-BC8B-965F3175CAD2}.NewIDs_Debug|x86.ActiveCfg = NewIDs_Debug|Any CPU
		{513F3C5C-8596-4B4E-BC8B-965F3175CAD2}.NewIDs_Debug|x86.Build.0 = NewIDs_Debug|Any CPU
		{513F3C5C-8596-4B4E-BC8B-965F3175CAD2}.NewIDs_Release|Any CPU.ActiveCfg = NewIDs_Release|Any CPU
		{513F3C5C-8596-4B4E-BC8B-965F3175CAD2}.NewIDs_Release|Any CPU.Build.0 = NewIDs_Release|Any CPU
		{513F3C5C-8596-4B4E-BC8B-965F3175CAD2}.NewIDs_Release|x86.ActiveCfg = NewIDs_Release|Any CPU
		{513F3C5C-8596-4B4E-BC8B-965F3175CAD2}.NewIDs_Release|x86.Build.0 = NewIDs_Release|Any CPU
		{513F3C5C-8596-4B4E-BC8B-965F3175CAD2}.OldIDs_Debug|Any CPU.ActiveCfg = OldIDs_Debug|Any CPU
		{513F3C5C-8596-4B4E-BC8B-965F3175CAD2}.OldIDs_Debug|Any CPU.Build.0 = OldIDs_Debug|Any CPU
		{513F3C5C-8596-4B4E-BC8B-965F3175CAD2}.OldIDs_Debug|x86.ActiveCfg = OldIDs_Debug|Any CPU
		{513F3C5C-8596-4B4E-BC8B-965F3175CAD2}.OldIDs_Debug|x86.Build.0 = OldIDs_Debug|Any CPU
		{513F3C5C-8596-4B4E-BC8B-965F3175CAD2}.OldIDs_Release|Any CPU.ActiveCfg = OldIDs_Release|Any CPU
		{513F3C5C-8596-4B4E-BC8B-965F3175CAD2}.OldIDs_Release|Any CPU.Build.0 = OldIDs_Release|Any CPU
		{513F3C5C-8596-4B4E-BC8B-965F3175CAD2}.OldIDs_Release|x86.ActiveCfg = OldIDs_Release|Any CPU
		{513F3C5C-8596-4B4E-BC8B-965F3175CAD2}.OldIDs_Release|x86.Build.0 = OldIDs_Release|Any CPU
		{662E4FB4-5053-49B4-970C-369296C27E7D}.Latest_Debug|Any CPU.ActiveCfg = Debug|Any CPU
		{662E4FB4-5053-49B4-970C-369296C27E7D}.Latest_Debug|Any CPU.Build.0 = Debug|Any CPU
		{662E4FB4-5053-49B4-970C-369296C27E7D}.Latest_Debug|x86.ActiveCfg = Debug|Any CPU
		{662E4FB4-5053-49B4-970C-369296C27E7D}.Latest_Debug|x86.Build.0 = Debug|Any CPU
		{662E4FB4-5053-49B4-970C-369296C27E7D}.Latest_Release|Any CPU.ActiveCfg = Release|Any CPU
		{662E4FB4-5053-49B4-970C-369296C27E7D}.Latest_Release|Any CPU.Build.0 = Release|Any CPU
		{662E4FB4-5053-49B4-970C-369296C27E7D}.Latest_Release|x86.ActiveCfg = Release|Any CPU
		{662E4FB4-5053-49B4-970C-369296C27E7D}.Latest_Release|x86.Build.0 = Release|Any CPU
		{662E4FB4-5053-49B4-970C-369296C27E7D}.NewIDs_Debug|Any CPU.ActiveCfg = Debug|Any CPU
		{662E4FB4-5053-49B4-970C-369296C27E7D}.NewIDs_Debug|Any CPU.Build.0 = Debug|Any CPU
		{662E4FB4-5053-49B4-970C-369296C27E7D}.NewIDs_Debug|x86.ActiveCfg = Debug|Any CPU
		{662E4FB4-5053-49B4-970C-369296C27E7D}.NewIDs_Debug|x86.Build.0 = Debug|Any CPU
		{662E4FB4-5053-49B4-970C-369296C27E7D}.NewIDs_Release|Any CPU.ActiveCfg = Release|Any CPU
		{662E4FB4-5053-49B4-970C-369296C27E7D}.NewIDs_Release|Any CPU.Build.0 = Release|Any CPU
		{662E4FB4-5053-49B4-970C-369296C27E7D}.NewIDs_Release|x86.ActiveCfg = Release|Any CPU
		{662E4FB4-5053-49B4-970C-369296C27E7D}.NewIDs_Release|x86.Build.0 = Release|Any CPU
		{662E4FB4-5053-49B4-970C-369296C27E7D}.OldIDs_Debug|Any CPU.ActiveCfg = Debug|Any CPU
		{662E4FB4-5053-49B4-970C-369296C27E7D}.OldIDs_Debug|Any CPU.Build.0 = Debug|Any CPU
		{662E4FB4-5053-49B4-970C-369296C27E7D}.OldIDs_Debug|x86.ActiveCfg = Debug|Any CPU
		{662E4FB4-5053-49B4-970C-369296C27E7D}.OldIDs_Debug|x86.Build.0 = Debug|Any CPU
		{662E4FB4-5053-49B4-970C-369296C27E7D}.OldIDs_Release|Any CPU.ActiveCfg = Release|Any CPU
		{662E4FB4-5053-49B4-970C-369296C27E7D}.OldIDs_Release|Any CPU.Build.0 = Release|Any CPU
		{662E4FB4-5053-49B4-970C-369296C27E7D}.OldIDs_Release|x86.ActiveCfg = Release|Any CPU
		{662E4FB4-5053-49B4-970C-369296C27E7D}.OldIDs_Release|x86.Build.0 = Release|Any CPU
		{11AB9599-6A32-4411-9E14-1A04B47E9BCD}.Latest_Debug|Any CPU.ActiveCfg = Latest_Debug|Any CPU
		{11AB9599-6A32-4411-9E14-1A04B47E9BCD}.Latest_Debug|Any CPU.Build.0 = Latest_Debug|Any CPU
		{11AB9599-6A32-4411-9E14-1A04B47E9BCD}.Latest_Debug|x86.ActiveCfg = Latest_Debug|Any CPU
		{11AB9599-6A32-4411-9E14-1A04B47E9BCD}.Latest_Debug|x86.Build.0 = Latest_Debug|Any CPU
		{11AB9599-6A32-4411-9E14-1A04B47E9BCD}.Latest_Release|Any CPU.ActiveCfg = Latest_Release|Any CPU
		{11AB9599-6A32-4411-9E14-1A04B47E9BCD}.Latest_Release|Any CPU.Build.0 = Latest_Release|Any CPU
		{11AB9599-6A32-4411-9E14-1A04B47E9BCD}.Latest_Release|x86.ActiveCfg = Latest_Release|Any CPU
		{11AB9599-6A32-4411-9E14-1A04B47E9BCD}.Latest_Release|x86.Build.0 = Latest_Release|Any CPU
		{11AB9599-6A32-4411-9E14-1A04B47E9BCD}.NewIDs_Debug|Any CPU.ActiveCfg = NewIDs_Debug|Any CPU
		{11AB9599-6A32-4411-9E14-1A04B47E9BCD}.NewIDs_Debug|Any CPU.Build.0 = NewIDs_Debug|Any CPU
		{11AB9599-6A32-4411-9E14-1A04B47E9BCD}.NewIDs_Debug|x86.ActiveCfg = NewIDs_Debug|Any CPU
		{11AB9599-6A32-4411-9E14-1A04B47E9BCD}.NewIDs_Debug|x86.Build.0 = NewIDs_Debug|Any CPU
		{11AB9599-6A32-4411-9E14-1A04B47E9BCD}.NewIDs_Release|Any CPU.ActiveCfg = NewIDs_Release|Any CPU
		{11AB9599-6A32-4411-9E14-1A04B47E9BCD}.NewIDs_Release|Any CPU.Build.0 = NewIDs_Release|Any CPU
		{11AB9599-6A32-4411-9E14-1A04B47E9BCD}.NewIDs_Release|x86.ActiveCfg = NewIDs_Release|Any CPU
		{11AB9599-6A32-4411-9E14-1A04B47E9BCD}.NewIDs_Release|x86.Build.0 = NewIDs_Release|Any CPU
		{11AB9599-6A32-4411-9E14-1A04B47E9BCD}.OldIDs_Debug|Any CPU.ActiveCfg = OldIDs_Debug|Any CPU
		{11AB9599-6A32-4411-9E14-1A04B47E9BCD}.OldIDs_Debug|Any CPU.Build.0 = OldIDs_Debug|Any CPU
		{11AB9599-6A32-4411-9E14-1A04B47E9BCD}.OldIDs_Debug|x86.ActiveCfg = OldIDs_Debug|Any CPU
		{11AB9599-6A32-4411-9E14-1A04B47E9BCD}.OldIDs_Debug|x86.Build.0 = OldIDs_Debug|Any CPU
		{11AB9599-6A32-4411-9E14-1A04B47E9BCD}.OldIDs_Release|Any CPU.ActiveCfg = OldIDs_Release|Any CPU
		{11AB9599-6A32-4411-9E14-1A04B47E9BCD}.OldIDs_Release|Any CPU.Build.0 = OldIDs_Release|Any CPU
		{11AB9599-6A32-4411-9E14-1A04B47E9BCD}.OldIDs_Release|x86.ActiveCfg = OldIDs_Release|Any CPU
		{11AB9599-6A32-4411-9E14-1A04B47E9BCD}.OldIDs_Release|x86.Build.0 = OldIDs_Release|Any CPU
	EndGlobalSection
	GlobalSection(SolutionProperties) = preSolution
		HideSolutionNode = FALSE
	EndGlobalSection
	GlobalSection(ExtensibilityGlobals) = postSolution
		SolutionGuid = {89C6F994-47EF-43E9-A515-0CDFEA313C37}
	EndGlobalSection
EndGlobal
